
Microsoft Visual Studio Solution File, Format Version 12.00
# Visual Studio 15
VisualStudioVersion = 15.0.28307.1022
MinimumVisualStudioVersion = 10.0.40219.1
Project("{FAE04EC0-301F-11D3-BF4B-00C04F79EFBC}") = "PaternDecorator", "PaternDecorator\PaternDecorator.csproj", "{AD779800-21FB-4869-93B3-7868E616D3B1}"
EndProject
Global
	GlobalSection(SolutionConfigurationPlatforms) = preSolution
		Debug|Any CPU = Debug|Any CPU
		Release|Any CPU = Release|Any CPU
	EndGlobalSection
	GlobalSection(ProjectConfigurationPlatforms) = postSolution
		{AD779800-21FB-4869-93B3-7868E616D3B1}.Debug|Any CPU.ActiveCfg = Debug|Any CPU
		{AD779800-21FB-4869-93B3-7868E616D3B1}.Debug|Any CPU.Build.0 = Debug|Any CPU
		{AD779800-21FB-4869-93B3-7868E616D3B1}.Release|Any CPU.ActiveCfg = Release|Any CPU
		{AD779800-21FB-4869-93B3-7868E616D3B1}.Release|Any CPU.Build.0 = Release|Any CPU
	EndGlobalSection
	GlobalSection(SolutionProperties) = preSolution
		HideSolutionNode = FALSE
	EndGlobalSection
	GlobalSection(ExtensibilityGlobals) = postSolution
		SolutionGuid = {B45C943A-8843-4127-9E34-F492C0DFA3F3}
	EndGlobalSection
EndGlobal
